# This file was autogenerated by uv via the following command:
#    uv pip compile pyproject.toml -o uv.lock
aiohappyeyeballs==2.6.1
    # via aiohttp
aiohttp==3.12.7
    # via langchain-community
aiosignal==1.3.2
    # via aiohttp
annotated-types==0.7.0
    # via pydantic
anyio==4.9.0
    # via
    #   httpx
    #   openai
    #   starlette
attrs==25.3.0
    # via aiohttp
beautifulsoup4==4.13.4
    # via
    #   trading-asst (pyproject.toml)
    #   yfinance
certifi==2025.4.26
    # via
    #   curl-cffi
    #   httpcore
    #   httpx
    #   requests
cffi==1.17.1
    # via curl-cffi
charset-normalizer==3.4.2
    # via requests
click==8.2.1
    # via uvicorn
curl-cffi==0.11.1
    # via yfinance
dataclasses-json==0.6.7
    # via langchain-community
distro==1.9.0
    # via openai
fastapi==0.115.12
    # via trading-asst (pyproject.toml)
frozendict==2.4.6
    # via yfinance
frozenlist==1.6.2
    # via
    #   aiohttp
    #   aiosignal
greenlet==3.2.2
    # via sqlalchemy
h11==0.16.0
    # via
    #   httpcore
    #   uvicorn
httpcore==1.0.9
    # via httpx
httpx==0.28.1
    # via
    #   langgraph-sdk
    #   langsmith
    #   openai
httpx-sse==0.4.0
    # via langchain-community
idna==3.10
    # via
    #   anyio
    #   httpx
    #   requests
    #   yarl
jiter==0.10.0
    # via openai
jsonpatch==1.33
    # via langchain-core
jsonpointer==3.0.0
    # via jsonpatch
langchain==0.3.25
    # via
    #   trading-asst (pyproject.toml)
    #   langchain-community
langchain-community==0.3.24
    # via trading-asst (pyproject.toml)
langchain-core==0.3.63
    # via
    #   trading-asst (pyproject.toml)
    #   langchain
    #   langchain-community
    #   langchain-openai
    #   langchain-text-splitters
    #   langgraph
    #   langgraph-checkpoint
    #   langgraph-prebuilt
langchain-openai==0.3.19
    # via trading-asst (pyproject.toml)
langchain-text-splitters==0.3.8
    # via langchain
langgraph==0.4.8
    # via trading-asst (pyproject.toml)
langgraph-checkpoint==2.0.26
    # via
    #   langgraph
    #   langgraph-prebuilt
langgraph-prebuilt==0.2.2
    # via langgraph
langgraph-sdk==0.1.70
    # via langgraph
langsmith==0.3.44
    # via
    #   langchain
    #   langchain-community
    #   langchain-core
marshmallow==3.26.1
    # via dataclasses-json
multidict==6.4.4
    # via
    #   aiohttp
    #   yarl
multitasking==0.0.11
    # via yfinance
mypy-extensions==1.1.0
    # via typing-inspect
numpy==2.2.6
    # via
    #   trading-asst (pyproject.toml)
    #   langchain-community
    #   pandas
    #   yfinance
openai==1.84.0
    # via
    #   trading-asst (pyproject.toml)
    #   langchain-openai
orjson==3.10.18
    # via
    #   langgraph-sdk
    #   langsmith
ormsgpack==1.10.0
    # via langgraph-checkpoint
packaging==24.2
    # via
    #   langchain-core
    #   langsmith
    #   marshmallow
pandas==2.2.3
    # via
    #   trading-asst (pyproject.toml)
    #   yfinance
peewee==3.18.1
    # via yfinance
platformdirs==4.3.8
    # via yfinance
propcache==0.3.1
    # via
    #   aiohttp
    #   yarl
protobuf==6.31.1
    # via yfinance
pycparser==2.22
    # via cffi
pydantic==2.11.5
    # via
    #   trading-asst (pyproject.toml)
    #   fastapi
    #   langchain
    #   langchain-core
    #   langgraph
    #   langsmith
    #   openai
    #   pydantic-settings
pydantic-core==2.33.2
    # via pydantic
pydantic-settings==2.9.1
    # via langchain-community
python-dateutil==2.9.0.post0
    # via pandas
python-dotenv==1.1.0
    # via
    #   trading-asst (pyproject.toml)
    #   pydantic-settings
pytz==2025.2
    # via
    #   pandas
    #   yfinance
pyyaml==6.0.2
    # via
    #   langchain
    #   langchain-community
    #   langchain-core
regex==2024.11.6
    # via tiktoken
requests==2.32.3
    # via
    #   trading-asst (pyproject.toml)
    #   langchain
    #   langchain-community
    #   langsmith
    #   requests-toolbelt
    #   tiktoken
    #   yfinance
requests-toolbelt==1.0.0
    # via langsmith
six==1.17.0
    # via python-dateutil
sniffio==1.3.1
    # via
    #   anyio
    #   openai
soupsieve==2.7
    # via beautifulsoup4
sqlalchemy==2.0.41
    # via
    #   langchain
    #   langchain-community
starlette==0.46.2
    # via fastapi
tenacity==9.1.2
    # via
    #   langchain-community
    #   langchain-core
tiktoken==0.9.0
    # via langchain-openai
tqdm==4.67.1
    # via openai
typing-extensions==4.14.0
    # via
    #   anyio
    #   beautifulsoup4
    #   fastapi
    #   langchain-core
    #   openai
    #   pydantic
    #   pydantic-core
    #   sqlalchemy
    #   typing-inspect
    #   typing-inspection
typing-inspect==0.9.0
    # via dataclasses-json
typing-inspection==0.4.1
    # via
    #   pydantic
    #   pydantic-settings
tzdata==2025.2
    # via pandas
urllib3==2.4.0
    # via requests
uvicorn==0.34.3
    # via trading-asst (pyproject.toml)
websockets==15.0.1
    # via yfinance
xxhash==3.5.0
    # via langgraph
yarl==1.20.0
    # via aiohttp
yfinance==0.2.61
    # via trading-asst (pyproject.toml)
zstandard==0.23.0
    # via langsmith
